
Microsoft Visual Studio Solution File, Format Version 12.00
# Visual Studio 14
VisualStudioVersion = 14.0.24720.0
MinimumVisualStudioVersion = 10.0.40219.1
Project("{FAE04EC0-301F-11D3-BF4B-00C04F79EFBC}") = "RailsStarter", "RailsStarter\RailsStarter.csproj", "{0702A62A-5816-4F3A-98AA-91BDD3FB3E09}"
EndProject
Project("{FAE04EC0-301F-11D3-BF4B-00C04F79EFBC}") = "RubyAppStarterLib", "RubyAppStarterLib\RubyAppStarterLib.csproj", "{2AEC5623-21E9-443C-A2B0-A6979B737059}"
EndProject
Project("{E24C65DC-7377-472B-9ABA-BC803B73C61A}") = "scripts", "..\scripts\", "{65A2D367-0114-4302-8B63-C81D375F259B}"
	ProjectSection(WebsiteProperties) = preProject
		TargetFrameworkMoniker = ".NETFramework,Version%3Dv4.0"
		Debug.AspNetCompiler.VirtualPath = "/localhost_51861"
		Debug.AspNetCompiler.PhysicalPath = "..\scripts\"
		Debug.AspNetCompiler.TargetPath = "PrecompiledWeb\localhost_51861\"
		Debug.AspNetCompiler.Updateable = "true"
		Debug.AspNetCompiler.ForceOverwrite = "true"
		Debug.AspNetCompiler.FixedNames = "false"
		Debug.AspNetCompiler.Debug = "True"
		Release.AspNetCompiler.VirtualPath = "/localhost_51861"
		Release.AspNetCompiler.PhysicalPath = "..\scripts\"
		Release.AspNetCompiler.TargetPath = "PrecompiledWeb\localhost_51861\"
		Release.AspNetCompiler.Updateable = "true"
		Release.AspNetCompiler.ForceOverwrite = "true"
		Release.AspNetCompiler.FixedNames = "false"
		Release.AspNetCompiler.Debug = "False"
		VWDPort = "51861"
		SlnRelativePath = "..\scripts\"
	EndProjectSection
EndProject
Project("{E24C65DC-7377-472B-9ABA-BC803B73C61A}") = "rails", "..\..\rails\", "{D4FE3395-6ED8-450F-AA94-5B41290F32EB}"
	ProjectSection(WebsiteProperties) = preProject
		TargetFrameworkMoniker = ".NETFramework,Version%3Dv4.0"
		Debug.AspNetCompiler.VirtualPath = "/localhost_49698"
		Debug.AspNetCompiler.PhysicalPath = "..\..\rails\"
		Debug.AspNetCompiler.TargetPath = "PrecompiledWeb\localhost_49698\"
		Debug.AspNetCompiler.Updateable = "true"
		Debug.AspNetCompiler.ForceOverwrite = "true"
		Debug.AspNetCompiler.FixedNames = "false"
		Debug.AspNetCompiler.Debug = "True"
		Release.AspNetCompiler.VirtualPath = "/localhost_49698"
		Release.AspNetCompiler.PhysicalPath = "..\..\rails\"
		Release.AspNetCompiler.TargetPath = "PrecompiledWeb\localhost_49698\"
		Release.AspNetCompiler.Updateable = "true"
		Release.AspNetCompiler.ForceOverwrite = "true"
		Release.AspNetCompiler.FixedNames = "false"
		Release.AspNetCompiler.Debug = "False"
		VWDPort = "49698"
		SlnRelativePath = "..\..\rails\"
	EndProjectSection
EndProject
Project("{E24C65DC-7377-472B-9ABA-BC803B73C61A}") = "rails4", "..\..\rails4\", "{07276932-DB92-4B8C-9350-F41E357E6243}"
	ProjectSection(WebsiteProperties) = preProject
		TargetFrameworkMoniker = ".NETFramework,Version%3Dv4.0"
		Debug.AspNetCompiler.VirtualPath = "/localhost_54801"
		Debug.AspNetCompiler.PhysicalPath = "..\..\rails4\"
		Debug.AspNetCompiler.TargetPath = "PrecompiledWeb\localhost_54801\"
		Debug.AspNetCompiler.Updateable = "true"
		Debug.AspNetCompiler.ForceOverwrite = "true"
		Debug.AspNetCompiler.FixedNames = "false"
		Debug.AspNetCompiler.Debug = "True"
		Release.AspNetCompiler.VirtualPath = "/localhost_54801"
		Release.AspNetCompiler.PhysicalPath = "..\..\rails4\"
		Release.AspNetCompiler.TargetPath = "PrecompiledWeb\localhost_54801\"
		Release.AspNetCompiler.Updateable = "true"
		Release.AspNetCompiler.ForceOverwrite = "true"
		Release.AspNetCompiler.FixedNames = "false"
		Release.AspNetCompiler.Debug = "False"
		VWDPort = "54801"
	EndProjectSection
EndProject
Global
	GlobalSection(SolutionConfigurationPlatforms) = preSolution
		Debug|Any CPU = Debug|Any CPU
		Debug|x86 = Debug|x86
		Release|Any CPU = Release|Any CPU
		Release|x86 = Release|x86
	EndGlobalSection
	GlobalSection(ProjectConfigurationPlatforms) = postSolution
		{0702A62A-5816-4F3A-98AA-91BDD3FB3E09}.Debug|Any CPU.ActiveCfg = Debug|Any CPU
		{0702A62A-5816-4F3A-98AA-91BDD3FB3E09}.Debug|Any CPU.Build.0 = Debug|Any CPU
		{0702A62A-5816-4F3A-98AA-91BDD3FB3E09}.Debug|x86.ActiveCfg = Debug|x86
		{0702A62A-5816-4F3A-98AA-91BDD3FB3E09}.Debug|x86.Build.0 = Debug|x86
		{0702A62A-5816-4F3A-98AA-91BDD3FB3E09}.Release|Any CPU.ActiveCfg = Release|Any CPU
		{0702A62A-5816-4F3A-98AA-91BDD3FB3E09}.Release|Any CPU.Build.0 = Release|Any CPU
		{0702A62A-5816-4F3A-98AA-91BDD3FB3E09}.Release|x86.ActiveCfg = Release|x86
		{0702A62A-5816-4F3A-98AA-91BDD3FB3E09}.Release|x86.Build.0 = Release|x86
		{2AEC5623-21E9-443C-A2B0-A6979B737059}.Debug|Any CPU.ActiveCfg = Debug|Any CPU
		{2AEC5623-21E9-443C-A2B0-A6979B737059}.Debug|Any CPU.Build.0 = Debug|Any CPU
		{2AEC5623-21E9-443C-A2B0-A6979B737059}.Debug|x86.ActiveCfg = Debug|x86
		{2AEC5623-21E9-443C-A2B0-A6979B737059}.Debug|x86.Build.0 = Debug|x86
		{2AEC5623-21E9-443C-A2B0-A6979B737059}.Release|Any CPU.ActiveCfg = Release|Any CPU
		{2AEC5623-21E9-443C-A2B0-A6979B737059}.Release|Any CPU.Build.0 = Release|Any CPU
		{2AEC5623-21E9-443C-A2B0-A6979B737059}.Release|x86.ActiveCfg = Release|x86
		{2AEC5623-21E9-443C-A2B0-A6979B737059}.Release|x86.Build.0 = Release|x86
		{65A2D367-0114-4302-8B63-C81D375F259B}.Debug|Any CPU.ActiveCfg = Debug|Any CPU
		{65A2D367-0114-4302-8B63-C81D375F259B}.Debug|Any CPU.Build.0 = Debug|Any CPU
		{65A2D367-0114-4302-8B63-C81D375F259B}.Debug|x86.ActiveCfg = Debug|Any CPU
		{65A2D367-0114-4302-8B63-C81D375F259B}.Debug|x86.Build.0 = Debug|Any CPU
		{65A2D367-0114-4302-8B63-C81D375F259B}.Release|Any CPU.ActiveCfg = Debug|Any CPU
		{65A2D367-0114-4302-8B63-C81D375F259B}.Release|Any CPU.Build.0 = Debug|Any CPU
		{65A2D367-0114-4302-8B63-C81D375F259B}.Release|x86.ActiveCfg = Debug|Any CPU
		{65A2D367-0114-4302-8B63-C81D375F259B}.Release|x86.Build.0 = Debug|Any CPU
		{D4FE3395-6ED8-450F-AA94-5B41290F32EB}.Debug|Any CPU.ActiveCfg = Debug|Any CPU
		{D4FE3395-6ED8-450F-AA94-5B41290F32EB}.Debug|Any CPU.Build.0 = Debug|Any CPU
		{D4FE3395-6ED8-450F-AA94-5B41290F32EB}.Debug|x86.ActiveCfg = Debug|Any CPU
		{D4FE3395-6ED8-450F-AA94-5B41290F32EB}.Debug|x86.Build.0 = Debug|Any CPU
		{D4FE3395-6ED8-450F-AA94-5B41290F32EB}.Release|Any CPU.ActiveCfg = Debug|Any CPU
		{D4FE3395-6ED8-450F-AA94-5B41290F32EB}.Release|Any CPU.Build.0 = Debug|Any CPU
		{D4FE3395-6ED8-450F-AA94-5B41290F32EB}.Release|x86.ActiveCfg = Debug|Any CPU
		{D4FE3395-6ED8-450F-AA94-5B41290F32EB}.Release|x86.Build.0 = Debug|Any CPU
		{07276932-DB92-4B8C-9350-F41E357E6243}.Debug|Any CPU.ActiveCfg = Debug|Any CPU
		{07276932-DB92-4B8C-9350-F41E357E6243}.Debug|Any CPU.Build.0 = Debug|Any CPU
		{07276932-DB92-4B8C-9350-F41E357E6243}.Debug|x86.ActiveCfg = Debug|Any CPU
		{07276932-DB92-4B8C-9350-F41E357E6243}.Debug|x86.Build.0 = Debug|Any CPU
		{07276932-DB92-4B8C-9350-F41E357E6243}.Release|Any CPU.ActiveCfg = Debug|Any CPU
		{07276932-DB92-4B8C-9350-F41E357E6243}.Release|Any CPU.Build.0 = Debug|Any CPU
		{07276932-DB92-4B8C-9350-F41E357E6243}.Release|x86.ActiveCfg = Debug|Any CPU
		{07276932-DB92-4B8C-9350-F41E357E6243}.Release|x86.Build.0 = Debug|Any CPU
	EndGlobalSection
	GlobalSection(SolutionProperties) = preSolution
		HideSolutionNode = FALSE
	EndGlobalSection
EndGlobal
