
Microsoft Visual Studio Solution File, Format Version 12.00
# Visual Studio 14
VisualStudioVersion = 14.0.24720.0
MinimumVisualStudioVersion = 10.0.40219.1
Project("{FAE04EC0-301F-11D3-BF4B-00C04F79EFBC}") = "RailsStarter", "RailsStarter\RailsStarter.csproj", "{0702A62A-5816-4F3A-98AA-91BDD3FB3E09}"
EndProject
Project("{E24C65DC-7377-472B-9ABA-BC803B73C61A}") = "curr_rails", "..\..\rails\curr_rails\", "{F173EF70-61E1-4062-B859-95B0B8CA7DE8}"
	ProjectSection(WebsiteProperties) = preProject
		TargetFrameworkMoniker = ".NETFramework,Version%3Dv4.0"
		Debug.AspNetCompiler.VirtualPath = "/localhost_49728"
		Debug.AspNetCompiler.PhysicalPath = "..\..\rails\curr_rails\"
		Debug.AspNetCompiler.TargetPath = "PrecompiledWeb\localhost_49728\"
		Debug.AspNetCompiler.Updateable = "true"
		Debug.AspNetCompiler.ForceOverwrite = "true"
		Debug.AspNetCompiler.FixedNames = "false"
		Debug.AspNetCompiler.Debug = "True"
		Release.AspNetCompiler.VirtualPath = "/localhost_49728"
		Release.AspNetCompiler.PhysicalPath = "..\..\rails\curr_rails\"
		Release.AspNetCompiler.TargetPath = "PrecompiledWeb\localhost_49728\"
		Release.AspNetCompiler.Updateable = "true"
		Release.AspNetCompiler.ForceOverwrite = "true"
		Release.AspNetCompiler.FixedNames = "false"
		Release.AspNetCompiler.Debug = "False"
		VWDPort = "49728"
		SlnRelativePath = "..\..\rails\curr_rails\"
	EndProjectSection
EndProject
Project("{FAE04EC0-301F-11D3-BF4B-00C04F79EFBC}") = "RubyAppStarterLib", "RubyAppStarterLib\RubyAppStarterLib.csproj", "{2AEC5623-21E9-443C-A2B0-A6979B737059}"
EndProject
Global
	GlobalSection(SolutionConfigurationPlatforms) = preSolution
		Debug|Any CPU = Debug|Any CPU
		Release|Any CPU = Release|Any CPU
	EndGlobalSection
	GlobalSection(ProjectConfigurationPlatforms) = postSolution
		{0702A62A-5816-4F3A-98AA-91BDD3FB3E09}.Debug|Any CPU.ActiveCfg = Debug|Any CPU
		{0702A62A-5816-4F3A-98AA-91BDD3FB3E09}.Debug|Any CPU.Build.0 = Debug|Any CPU
		{0702A62A-5816-4F3A-98AA-91BDD3FB3E09}.Release|Any CPU.ActiveCfg = Release|Any CPU
		{0702A62A-5816-4F3A-98AA-91BDD3FB3E09}.Release|Any CPU.Build.0 = Release|Any CPU
		{F173EF70-61E1-4062-B859-95B0B8CA7DE8}.Debug|Any CPU.ActiveCfg = Debug|Any CPU
		{F173EF70-61E1-4062-B859-95B0B8CA7DE8}.Debug|Any CPU.Build.0 = Debug|Any CPU
		{F173EF70-61E1-4062-B859-95B0B8CA7DE8}.Release|Any CPU.ActiveCfg = Debug|Any CPU
		{F173EF70-61E1-4062-B859-95B0B8CA7DE8}.Release|Any CPU.Build.0 = Debug|Any CPU
		{2AEC5623-21E9-443C-A2B0-A6979B737059}.Debug|Any CPU.ActiveCfg = Debug|Any CPU
		{2AEC5623-21E9-443C-A2B0-A6979B737059}.Debug|Any CPU.Build.0 = Debug|Any CPU
		{2AEC5623-21E9-443C-A2B0-A6979B737059}.Release|Any CPU.ActiveCfg = Release|Any CPU
		{2AEC5623-21E9-443C-A2B0-A6979B737059}.Release|Any CPU.Build.0 = Release|Any CPU
	EndGlobalSection
	GlobalSection(SolutionProperties) = preSolution
		HideSolutionNode = FALSE
	EndGlobalSection
EndGlobal
